
Microsoft Visual Studio Solution File, Format Version 12.00
# Visual Studio Version 16
VisualStudioVersion = 16.0.29613.14
MinimumVisualStudioVersion = 10.0.40219.1
Project("{00D1A9C2-B5F0-4AF3-8072-F6C62B433612}") = "PAP.Database", "PAP.DataBase\PAP.Database.sqlproj", "{C16E8A75-0264-448F-AF41-EDD9573799B9}"
EndProject
Project("{FAE04EC0-301F-11D3-BF4B-00C04F79EFBC}") = "PAP.Models", "PAP.Models\PAP.Models.csproj", "{4EA49FD0-102D-43F4-B9AA-8E80430A0FA2}"
EndProject
Project("{FAE04EC0-301F-11D3-BF4B-00C04F79EFBC}") = "PAP.DataAccess", "PAP.DataAccess\PAP.DataAccess.csproj", "{FC33F245-FC6F-4FB3-AD19-6C169C73C83A}"
EndProject
Project("{FAE04EC0-301F-11D3-BF4B-00C04F79EFBC}") = "PAP.Site", "PAP.Site\PAP.Site.csproj", "{01906B75-D050-410A-9F63-A79F8D9DF54F}"
EndProject
Global
	GlobalSection(SolutionConfigurationPlatforms) = preSolution
		Debug|Any CPU = Debug|Any CPU
		Release|Any CPU = Release|Any CPU
	EndGlobalSection
	GlobalSection(ProjectConfigurationPlatforms) = postSolution
		{C16E8A75-0264-448F-AF41-EDD9573799B9}.Debug|Any CPU.ActiveCfg = Debug|Any CPU
		{C16E8A75-0264-448F-AF41-EDD9573799B9}.Debug|Any CPU.Build.0 = Debug|Any CPU
		{C16E8A75-0264-448F-AF41-EDD9573799B9}.Debug|Any CPU.Deploy.0 = Debug|Any CPU
		{C16E8A75-0264-448F-AF41-EDD9573799B9}.Release|Any CPU.ActiveCfg = Release|Any CPU
		{C16E8A75-0264-448F-AF41-EDD9573799B9}.Release|Any CPU.Build.0 = Release|Any CPU
		{C16E8A75-0264-448F-AF41-EDD9573799B9}.Release|Any CPU.Deploy.0 = Release|Any CPU
		{4EA49FD0-102D-43F4-B9AA-8E80430A0FA2}.Debug|Any CPU.ActiveCfg = Debug|Any CPU
		{4EA49FD0-102D-43F4-B9AA-8E80430A0FA2}.Debug|Any CPU.Build.0 = Debug|Any CPU
		{4EA49FD0-102D-43F4-B9AA-8E80430A0FA2}.Release|Any CPU.ActiveCfg = Release|Any CPU
		{4EA49FD0-102D-43F4-B9AA-8E80430A0FA2}.Release|Any CPU.Build.0 = Release|Any CPU
		{FC33F245-FC6F-4FB3-AD19-6C169C73C83A}.Debug|Any CPU.ActiveCfg = Debug|Any CPU
		{FC33F245-FC6F-4FB3-AD19-6C169C73C83A}.Debug|Any CPU.Build.0 = Debug|Any CPU
		{FC33F245-FC6F-4FB3-AD19-6C169C73C83A}.Release|Any CPU.ActiveCfg = Release|Any CPU
		{FC33F245-FC6F-4FB3-AD19-6C169C73C83A}.Release|Any CPU.Build.0 = Release|Any CPU
		{01906B75-D050-410A-9F63-A79F8D9DF54F}.Debug|Any CPU.ActiveCfg = Debug|Any CPU
		{01906B75-D050-410A-9F63-A79F8D9DF54F}.Debug|Any CPU.Build.0 = Debug|Any CPU
		{01906B75-D050-410A-9F63-A79F8D9DF54F}.Release|Any CPU.ActiveCfg = Release|Any CPU
		{01906B75-D050-410A-9F63-A79F8D9DF54F}.Release|Any CPU.Build.0 = Release|Any CPU
	EndGlobalSection
	GlobalSection(SolutionProperties) = preSolution
		HideSolutionNode = FALSE
	EndGlobalSection
	GlobalSection(ExtensibilityGlobals) = postSolution
		SolutionGuid = {4B949085-7F23-4363-891C-66FC9DED019C}
	EndGlobalSection
EndGlobal
